// !$*UTF8*$!
{
	archiveVersion = 1;
	classes = {
	};
	objectVersion = 55;
	objects = {

/* Begin PBXBuildFile section */
		5B6BC87A289CF14F003A8C10 /* AppDelegate.swift in Sources */ = {isa = PBXBuildFile; fileRef = 5B6BC879289CF14F003A8C10 /* AppDelegate.swift */; };
		5B6BC87C289CF14F003A8C10 /* SceneDelegate.swift in Sources */ = {isa = PBXBuildFile; fileRef = 5B6BC87B289CF14F003A8C10 /* SceneDelegate.swift */; };
		5B6BC87E289CF14F003A8C10 /* ViewController.swift in Sources */ = {isa = PBXBuildFile; fileRef = 5B6BC87D289CF14F003A8C10 /* ViewController.swift */; };
		5B6BC881289CF14F003A8C10 /* Main.storyboard in Resources */ = {isa = PBXBuildFile; fileRef = 5B6BC87F289CF14F003A8C10 /* Main.storyboard */; };
		5B6BC883289CF150003A8C10 /* Assets.xcassets in Resources */ = {isa = PBXBuildFile; fileRef = 5B6BC882289CF150003A8C10 /* Assets.xcassets */; };
		5B6BC886289CF150003A8C10 /* LaunchScreen.storyboard in Resources */ = {isa = PBXBuildFile; fileRef = 5B6BC884289CF150003A8C10 /* LaunchScreen.storyboard */; };
		5B6BC891289CF150003A8C10 /* RealmDemoTests.swift in Sources */ = {isa = PBXBuildFile; fileRef = 5B6BC890289CF150003A8C10 /* RealmDemoTests.swift */; };
		5B6BC89B289CF150003A8C10 /* RealmDemoUITests.swift in Sources */ = {isa = PBXBuildFile; fileRef = 5B6BC89A289CF150003A8C10 /* RealmDemoUITests.swift */; };
		5B6BC89D289CF150003A8C10 /* RealmDemoUITestsLaunchTests.swift in Sources */ = {isa = PBXBuildFile; fileRef = 5B6BC89C289CF150003A8C10 /* RealmDemoUITestsLaunchTests.swift */; };
		5B6BC8AB289CF2F1003A8C10 /* Realm in Frameworks */ = {isa = PBXBuildFile; productRef = 5B6BC8AA289CF2F1003A8C10 /* Realm */; };
		5B6BC8AD289CF2F1003A8C10 /* RealmSwift in Frameworks */ = {isa = PBXBuildFile; productRef = 5B6BC8AC289CF2F1003A8C10 /* RealmSwift */; };
		5B6BC8B0289D0193003A8C10 /* FSCalendar in Frameworks */ = {isa = PBXBuildFile; productRef = 5B6BC8AF289D0193003A8C10 /* FSCalendar */; };
		5BF9633928AE599B00B4262B /* RealmTest.swift in Sources */ = {isa = PBXBuildFile; fileRef = 5BF9633828AE599B00B4262B /* RealmTest.swift */; };
		5BF9633D28AE5EDF00B4262B /* SearchViewController.swift in Sources */ = {isa = PBXBuildFile; fileRef = 5BF9633C28AE5EDF00B4262B /* SearchViewController.swift */; };
		5BF9633F28AE600400B4262B /* Search.storyboard in Resources */ = {isa = PBXBuildFile; fileRef = 5BF9633E28AE600400B4262B /* Search.storyboard */; };
		5BF9634128AE602B00B4262B /* SearchTableViewCell.swift in Sources */ = {isa = PBXBuildFile; fileRef = 5BF9634028AE602B00B4262B /* SearchTableViewCell.swift */; };
/* End PBXBuildFile section */

/* Begin PBXContainerItemProxy section */
		5B6BC88D289CF150003A8C10 /* PBXContainerItemProxy */ = {
			isa = PBXContainerItemProxy;
			containerPortal = 5B6BC86E289CF14F003A8C10 /* Project object */;
			proxyType = 1;
			remoteGlobalIDString = 5B6BC875289CF14F003A8C10;
			remoteInfo = RealmDemo;
		};
		5B6BC897289CF150003A8C10 /* PBXContainerItemProxy */ = {
			isa = PBXContainerItemProxy;
			containerPortal = 5B6BC86E289CF14F003A8C10 /* Project object */;
			proxyType = 1;
			remoteGlobalIDString = 5B6BC875289CF14F003A8C10;
			remoteInfo = RealmDemo;
		};
/* End PBXContainerItemProxy section */

/* Begin PBXFileReference section */
		5B6BC876289CF14F003A8C10 /* RealmDemo.app */ = {isa = PBXFileReference; explicitFileType = wrapper.application; includeInIndex = 0; path = RealmDemo.app; sourceTree = BUILT_PRODUCTS_DIR; };
		5B6BC879289CF14F003A8C10 /* AppDelegate.swift */ = {isa = PBXFileReference; lastKnownFileType = sourcecode.swift; path = AppDelegate.swift; sourceTree = "<group>"; };
		5B6BC87B289CF14F003A8C10 /* SceneDelegate.swift */ = {isa = PBXFileReference; lastKnownFileType = sourcecode.swift; path = SceneDelegate.swift; sourceTree = "<group>"; };
		5B6BC87D289CF14F003A8C10 /* ViewController.swift */ = {isa = PBXFileReference; lastKnownFileType = sourcecode.swift; path = ViewController.swift; sourceTree = "<group>"; };
		5B6BC880289CF14F003A8C10 /* Base */ = {isa = PBXFileReference; lastKnownFileType = file.storyboard; name = Base; path = Base.lproj/Main.storyboard; sourceTree = "<group>"; };
		5B6BC882289CF150003A8C10 /* Assets.xcassets */ = {isa = PBXFileReference; lastKnownFileType = folder.assetcatalog; path = Assets.xcassets; sourceTree = "<group>"; };
		5B6BC885289CF150003A8C10 /* Base */ = {isa = PBXFileReference; lastKnownFileType = file.storyboard; name = Base; path = Base.lproj/LaunchScreen.storyboard; sourceTree = "<group>"; };
		5B6BC887289CF150003A8C10 /* Info.plist */ = {isa = PBXFileReference; lastKnownFileType = text.plist.xml; path = Info.plist; sourceTree = "<group>"; };
		5B6BC88C289CF150003A8C10 /* RealmDemoTests.xctest */ = {isa = PBXFileReference; explicitFileType = wrapper.cfbundle; includeInIndex = 0; path = RealmDemoTests.xctest; sourceTree = BUILT_PRODUCTS_DIR; };
		5B6BC890289CF150003A8C10 /* RealmDemoTests.swift */ = {isa = PBXFileReference; lastKnownFileType = sourcecode.swift; path = RealmDemoTests.swift; sourceTree = "<group>"; };
		5B6BC896289CF150003A8C10 /* RealmDemoUITests.xctest */ = {isa = PBXFileReference; explicitFileType = wrapper.cfbundle; includeInIndex = 0; path = RealmDemoUITests.xctest; sourceTree = BUILT_PRODUCTS_DIR; };
		5B6BC89A289CF150003A8C10 /* RealmDemoUITests.swift */ = {isa = PBXFileReference; lastKnownFileType = sourcecode.swift; path = RealmDemoUITests.swift; sourceTree = "<group>"; };
		5B6BC89C289CF150003A8C10 /* RealmDemoUITestsLaunchTests.swift */ = {isa = PBXFileReference; lastKnownFileType = sourcecode.swift; path = RealmDemoUITestsLaunchTests.swift; sourceTree = "<group>"; };
		5BF9633828AE599B00B4262B /* RealmTest.swift */ = {isa = PBXFileReference; lastKnownFileType = sourcecode.swift; path = RealmTest.swift; sourceTree = "<group>"; };
		5BF9633C28AE5EDF00B4262B /* SearchViewController.swift */ = {isa = PBXFileReference; lastKnownFileType = sourcecode.swift; path = SearchViewController.swift; sourceTree = "<group>"; };
		5BF9633E28AE600400B4262B /* Search.storyboard */ = {isa = PBXFileReference; lastKnownFileType = file.storyboard; path = Search.storyboard; sourceTree = "<group>"; };
		5BF9634028AE602B00B4262B /* SearchTableViewCell.swift */ = {isa = PBXFileReference; lastKnownFileType = sourcecode.swift; path = SearchTableViewCell.swift; sourceTree = "<group>"; };
/* End PBXFileReference section */

/* Begin PBXFrameworksBuildPhase section */
		5B6BC873289CF14F003A8C10 /* Frameworks */ = {
			isa = PBXFrameworksBuildPhase;
			buildActionMask = 2147483647;
			files = (
				5B6BC8AD289CF2F1003A8C10 /* RealmSwift in Frameworks */,
				5B6BC8B0289D0193003A8C10 /* FSCalendar in Frameworks */,
				5B6BC8AB289CF2F1003A8C10 /* Realm in Frameworks */,
			);
			runOnlyForDeploymentPostprocessing = 0;
		};
		5B6BC889289CF150003A8C10 /* Frameworks */ = {
			isa = PBXFrameworksBuildPhase;
			buildActionMask = 2147483647;
			files = (
			);
			runOnlyForDeploymentPostprocessing = 0;
		};
		5B6BC893289CF150003A8C10 /* Frameworks */ = {
			isa = PBXFrameworksBuildPhase;
			buildActionMask = 2147483647;
			files = (
			);
			runOnlyForDeploymentPostprocessing = 0;
		};
/* End PBXFrameworksBuildPhase section */

/* Begin PBXGroup section */
		5B6BC86D289CF14F003A8C10 = {
			isa = PBXGroup;
			children = (
				5B6BC878289CF14F003A8C10 /* RealmDemo */,
				5B6BC88F289CF150003A8C10 /* RealmDemoTests */,
				5B6BC899289CF150003A8C10 /* RealmDemoUITests */,
				5B6BC877289CF14F003A8C10 /* Products */,
			);
			sourceTree = "<group>";
		};
		5B6BC877289CF14F003A8C10 /* Products */ = {
			isa = PBXGroup;
			children = (
				5B6BC876289CF14F003A8C10 /* RealmDemo.app */,
				5B6BC88C289CF150003A8C10 /* RealmDemoTests.xctest */,
				5B6BC896289CF150003A8C10 /* RealmDemoUITests.xctest */,
			);
			name = Products;
			sourceTree = "<group>";
		};
		5B6BC878289CF14F003A8C10 /* RealmDemo */ = {
			isa = PBXGroup;
			children = (
				5B6BC879289CF14F003A8C10 /* AppDelegate.swift */,
				5B6BC87B289CF14F003A8C10 /* SceneDelegate.swift */,
				5B6BC87D289CF14F003A8C10 /* ViewController.swift */,
				5BF9633C28AE5EDF00B4262B /* SearchViewController.swift */,
				5BF9633828AE599B00B4262B /* RealmTest.swift */,
				5B6BC87F289CF14F003A8C10 /* Main.storyboard */,
				5BF9633E28AE600400B4262B /* Search.storyboard */,
				5BF9634028AE602B00B4262B /* SearchTableViewCell.swift */,
				5B6BC882289CF150003A8C10 /* Assets.xcassets */,
				5B6BC884289CF150003A8C10 /* LaunchScreen.storyboard */,
				5B6BC887289CF150003A8C10 /* Info.plist */,
			);
			path = RealmDemo;
			sourceTree = "<group>";
		};
		5B6BC88F289CF150003A8C10 /* RealmDemoTests */ = {
			isa = PBXGroup;
			children = (
				5B6BC890289CF150003A8C10 /* RealmDemoTests.swift */,
			);
			path = RealmDemoTests;
			sourceTree = "<group>";
		};
		5B6BC899289CF150003A8C10 /* RealmDemoUITests */ = {
			isa = PBXGroup;
			children = (
				5B6BC89A289CF150003A8C10 /* RealmDemoUITests.swift */,
				5B6BC89C289CF150003A8C10 /* RealmDemoUITestsLaunchTests.swift */,
			);
			path = RealmDemoUITests;
			sourceTree = "<group>";
		};
/* End PBXGroup section */

/* Begin PBXNativeTarget section */
		5B6BC875289CF14F003A8C10 /* RealmDemo */ = {
			isa = PBXNativeTarget;
			buildConfigurationList = 5B6BC8A0289CF150003A8C10 /* Build configuration list for PBXNativeTarget "RealmDemo" */;
			buildPhases = (
				5B6BC872289CF14F003A8C10 /* Sources */,
				5B6BC873289CF14F003A8C10 /* Frameworks */,
				5B6BC874289CF14F003A8C10 /* Resources */,
			);
			buildRules = (
			);
			dependencies = (
			);
			name = RealmDemo;
			packageProductDependencies = (
				5B6BC8AA289CF2F1003A8C10 /* Realm */,
				5B6BC8AC289CF2F1003A8C10 /* RealmSwift */,
				5B6BC8AF289D0193003A8C10 /* FSCalendar */,
			);
			productName = RealmDemo;
			productReference = 5B6BC876289CF14F003A8C10 /* RealmDemo.app */;
			productType = "com.apple.product-type.application";
		};
		5B6BC88B289CF150003A8C10 /* RealmDemoTests */ = {
			isa = PBXNativeTarget;
			buildConfigurationList = 5B6BC8A3289CF150003A8C10 /* Build configuration list for PBXNativeTarget "RealmDemoTests" */;
			buildPhases = (
				5B6BC888289CF150003A8C10 /* Sources */,
				5B6BC889289CF150003A8C10 /* Frameworks */,
				5B6BC88A289CF150003A8C10 /* Resources */,
			);
			buildRules = (
			);
			dependencies = (
				5B6BC88E289CF150003A8C10 /* PBXTargetDependency */,
			);
			name = RealmDemoTests;
			productName = RealmDemoTests;
			productReference = 5B6BC88C289CF150003A8C10 /* RealmDemoTests.xctest */;
			productType = "com.apple.product-type.bundle.unit-test";
		};
		5B6BC895289CF150003A8C10 /* RealmDemoUITests */ = {
			isa = PBXNativeTarget;
			buildConfigurationList = 5B6BC8A6289CF150003A8C10 /* Build configuration list for PBXNativeTarget "RealmDemoUITests" */;
			buildPhases = (
				5B6BC892289CF150003A8C10 /* Sources */,
				5B6BC893289CF150003A8C10 /* Frameworks */,
				5B6BC894289CF150003A8C10 /* Resources */,
			);
			buildRules = (
			);
			dependencies = (
				5B6BC898289CF150003A8C10 /* PBXTargetDependency */,
			);
			name = RealmDemoUITests;
			productName = RealmDemoUITests;
			productReference = 5B6BC896289CF150003A8C10 /* RealmDemoUITests.xctest */;
			productType = "com.apple.product-type.bundle.ui-testing";
		};
/* End PBXNativeTarget section */

/* Begin PBXProject section */
		5B6BC86E289CF14F003A8C10 /* Project object */ = {
			isa = PBXProject;
			attributes = {
				BuildIndependentTargetsInParallel = 1;
				LastSwiftUpdateCheck = 1340;
				LastUpgradeCheck = 1340;
				TargetAttributes = {
					5B6BC875289CF14F003A8C10 = {
						CreatedOnToolsVersion = 13.4.1;
					};
					5B6BC88B289CF150003A8C10 = {
						CreatedOnToolsVersion = 13.4.1;
						TestTargetID = 5B6BC875289CF14F003A8C10;
					};
					5B6BC895289CF150003A8C10 = {
						CreatedOnToolsVersion = 13.4.1;
						TestTargetID = 5B6BC875289CF14F003A8C10;
					};
				};
			};
			buildConfigurationList = 5B6BC871289CF14F003A8C10 /* Build configuration list for PBXProject "RealmDemo" */;
			compatibilityVersion = "Xcode 13.0";
			developmentRegion = en;
			hasScannedForEncodings = 0;
			knownRegions = (
				en,
				Base,
			);
			mainGroup = 5B6BC86D289CF14F003A8C10;
			packageReferences = (
				5B6BC8A9289CF2F1003A8C10 /* XCRemoteSwiftPackageReference "realm-cocoa" */,
				5B6BC8AE289D0193003A8C10 /* XCRemoteSwiftPackageReference "FSCalendar" */,
			);
			productRefGroup = 5B6BC877289CF14F003A8C10 /* Products */;
			projectDirPath = "";
			projectRoot = "";
			targets = (
				5B6BC875289CF14F003A8C10 /* RealmDemo */,
				5B6BC88B289CF150003A8C10 /* RealmDemoTests */,
				5B6BC895289CF150003A8C10 /* RealmDemoUITests */,
			);
		};
/* End PBXProject section */

/* Begin PBXResourcesBuildPhase section */
		5B6BC874289CF14F003A8C10 /* Resources */ = {
			isa = PBXResourcesBuildPhase;
			buildActionMask = 2147483647;
			files = (
				5B6BC886289CF150003A8C10 /* LaunchScreen.storyboard in Resources */,
				5B6BC883289CF150003A8C10 /* Assets.xcassets in Resources */,
				5BF9633F28AE600400B4262B /* Search.storyboard in Resources */,
				5B6BC881289CF14F003A8C10 /* Main.storyboard in Resources */,
			);
			runOnlyForDeploymentPostprocessing = 0;
		};
		5B6BC88A289CF150003A8C10 /* Resources */ = {
			isa = PBXResourcesBuildPhase;
			buildActionMask = 2147483647;
			files = (
			);
			runOnlyForDeploymentPostprocessing = 0;
		};
		5B6BC894289CF150003A8C10 /* Resources */ = {
			isa = PBXResourcesBuildPhase;
			buildActionMask = 2147483647;
			files = (
			);
			runOnlyForDeploymentPostprocessing = 0;
		};
/* End PBXResourcesBuildPhase section */

/* Begin PBXSourcesBuildPhase section */
		5B6BC872289CF14F003A8C10 /* Sources */ = {
			isa = PBXSourcesBuildPhase;
			buildActionMask = 2147483647;
			files = (
				5BF9633D28AE5EDF00B4262B /* SearchViewController.swift in Sources */,
				5B6BC87E289CF14F003A8C10 /* ViewController.swift in Sources */,
				5B6BC87A289CF14F003A8C10 /* AppDelegate.swift in Sources */,
				5BF9634128AE602B00B4262B /* SearchTableViewCell.swift in Sources */,
				5B6BC87C289CF14F003A8C10 /* SceneDelegate.swift in Sources */,
				5BF9633928AE599B00B4262B /* RealmTest.swift in Sources */,
			);
			runOnlyForDeploymentPostprocessing = 0;
		};
		5B6BC888289CF150003A8C10 /* Sources */ = {
			isa = PBXSourcesBuildPhase;
			buildActionMask = 2147483647;
			files = (
				5B6BC891289CF150003A8C10 /* RealmDemoTests.swift in Sources */,
			);
			runOnlyForDeploymentPostprocessing = 0;
		};
		5B6BC892289CF150003A8C10 /* Sources */ = {
			isa = PBXSourcesBuildPhase;
			buildActionMask = 2147483647;
			files = (
				5B6BC89B289CF150003A8C10 /* RealmDemoUITests.swift in Sources */,
				5B6BC89D289CF150003A8C10 /* RealmDemoUITestsLaunchTests.swift in Sources */,
			);
			runOnlyForDeploymentPostprocessing = 0;
		};
/* End PBXSourcesBuildPhase section */

/* Begin PBXTargetDependency section */
		5B6BC88E289CF150003A8C10 /* PBXTargetDependency */ = {
			isa = PBXTargetDependency;
			target = 5B6BC875289CF14F003A8C10 /* RealmDemo */;
			targetProxy = 5B6BC88D289CF150003A8C10 /* PBXContainerItemProxy */;
		};
		5B6BC898289CF150003A8C10 /* PBXTargetDependency */ = {
			isa = PBXTargetDependency;
			target = 5B6BC875289CF14F003A8C10 /* RealmDemo */;
			targetProxy = 5B6BC897289CF150003A8C10 /* PBXContainerItemProxy */;
		};
/* End PBXTargetDependency section */

/* Begin PBXVariantGroup section */
		5B6BC87F289CF14F003A8C10 /* Main.storyboard */ = {
			isa = PBXVariantGroup;
			children = (
				5B6BC880289CF14F003A8C10 /* Base */,
			);
			name = Main.storyboard;
			sourceTree = "<group>";
		};
		5B6BC884289CF150003A8C10 /* LaunchScreen.storyboard */ = {
			isa = PBXVariantGroup;
			children = (
				5B6BC885289CF150003A8C10 /* Base */,
			);
			name = LaunchScreen.storyboard;
			sourceTree = "<group>";
		};
/* End PBXVariantGroup section */

/* Begin XCBuildConfiguration section */
		5B6BC89E289CF150003A8C10 /* Debug */ = {
			isa = XCBuildConfiguration;
			buildSettings = {
				ALWAYS_SEARCH_USER_PATHS = NO;
				CLANG_ANALYZER_NONNULL = YES;
				CLANG_ANALYZER_NUMBER_OBJECT_CONVERSION = YES_AGGRESSIVE;
				CLANG_CXX_LANGUAGE_STANDARD = "gnu++17";
				CLANG_ENABLE_MODULES = YES;
				CLANG_ENABLE_OBJC_ARC = YES;
				CLANG_ENABLE_OBJC_WEAK = YES;
				CLANG_WARN_BLOCK_CAPTURE_AUTORELEASING = YES;
				CLANG_WARN_BOOL_CONVERSION = YES;
				CLANG_WARN_COMMA = YES;
				CLANG_WARN_CONSTANT_CONVERSION = YES;
				CLANG_WARN_DEPRECATED_OBJC_IMPLEMENTATIONS = YES;
				CLANG_WARN_DIRECT_OBJC_ISA_USAGE = YES_ERROR;
				CLANG_WARN_DOCUMENTATION_COMMENTS = YES;
				CLANG_WARN_EMPTY_BODY = YES;
				CLANG_WARN_ENUM_CONVERSION = YES;
				CLANG_WARN_INFINITE_RECURSION = YES;
				CLANG_WARN_INT_CONVERSION = YES;
				CLANG_WARN_NON_LITERAL_NULL_CONVERSION = YES;
				CLANG_WARN_OBJC_IMPLICIT_RETAIN_SELF = YES;
				CLANG_WARN_OBJC_LITERAL_CONVERSION = YES;
				CLANG_WARN_OBJC_ROOT_CLASS = YES_ERROR;
				CLANG_WARN_QUOTED_INCLUDE_IN_FRAMEWORK_HEADER = YES;
				CLANG_WARN_RANGE_LOOP_ANALYSIS = YES;
				CLANG_WARN_STRICT_PROTOTYPES = YES;
				CLANG_WARN_SUSPICIOUS_MOVE = YES;
				CLANG_WARN_UNGUARDED_AVAILABILITY = YES_AGGRESSIVE;
				CLANG_WARN_UNREACHABLE_CODE = YES;
				CLANG_WARN__DUPLICATE_METHOD_MATCH = YES;
				COPY_PHASE_STRIP = NO;
				DEBUG_INFORMATION_FORMAT = dwarf;
				ENABLE_STRICT_OBJC_MSGSEND = YES;
				ENABLE_TESTABILITY = YES;
				GCC_C_LANGUAGE_STANDARD = gnu11;
				GCC_DYNAMIC_NO_PIC = NO;
				GCC_NO_COMMON_BLOCKS = YES;
				GCC_OPTIMIZATION_LEVEL = 0;
				GCC_PREPROCESSOR_DEFINITIONS = (
					"DEBUG=1",
					"$(inherited)",
				);
				GCC_WARN_64_TO_32_BIT_CONVERSION = YES;
				GCC_WARN_ABOUT_RETURN_TYPE = YES_ERROR;
				GCC_WARN_UNDECLARED_SELECTOR = YES;
				GCC_WARN_UNINITIALIZED_AUTOS = YES_AGGRESSIVE;
				GCC_WARN_UNUSED_FUNCTION = YES;
				GCC_WARN_UNUSED_VARIABLE = YES;
				IPHONEOS_DEPLOYMENT_TARGET = 15.5;
				MTL_ENABLE_DEBUG_INFO = INCLUDE_SOURCE;
				MTL_FAST_MATH = YES;
				ONLY_ACTIVE_ARCH = YES;
				SDKROOT = iphoneos;
				SWIFT_ACTIVE_COMPILATION_CONDITIONS = DEBUG;
				SWIFT_OPTIMIZATION_LEVEL = "-Onone";
			};
			name = Debug;
		};
		5B6BC89F289CF150003A8C10 /* Release */ = {
			isa = XCBuildConfiguration;
			buildSettings = {
				ALWAYS_SEARCH_USER_PATHS = NO;
				CLANG_ANALYZER_NONNULL = YES;
				CLANG_ANALYZER_NUMBER_OBJECT_CONVERSION = YES_AGGRESSIVE;
				CLANG_CXX_LANGUAGE_STANDARD = "gnu++17";
				CLANG_ENABLE_MODULES = YES;
				CLANG_ENABLE_OBJC_ARC = YES;
				CLANG_ENABLE_OBJC_WEAK = YES;
				CLANG_WARN_BLOCK_CAPTURE_AUTORELEASING = YES;
				CLANG_WARN_BOOL_CONVERSION = YES;
				CLANG_WARN_COMMA = YES;
				CLANG_WARN_CONSTANT_CONVERSION = YES;
				CLANG_WARN_DEPRECATED_OBJC_IMPLEMENTATIONS = YES;
				CLANG_WARN_DIRECT_OBJC_ISA_USAGE = YES_ERROR;
				CLANG_WARN_DOCUMENTATION_COMMENTS = YES;
				CLANG_WARN_EMPTY_BODY = YES;
				CLANG_WARN_ENUM_CONVERSION = YES;
				CLANG_WARN_INFINITE_RECURSION = YES;
				CLANG_WARN_INT_CONVERSION = YES;
				CLANG_WARN_NON_LITERAL_NULL_CONVERSION = YES;
				CLANG_WARN_OBJC_IMPLICIT_RETAIN_SELF = YES;
				CLANG_WARN_OBJC_LITERAL_CONVERSION = YES;
				CLANG_WARN_OBJC_ROOT_CLASS = YES_ERROR;
				CLANG_WARN_QUOTED_INCLUDE_IN_FRAMEWORK_HEADER = YES;
				CLANG_WARN_RANGE_LOOP_ANALYSIS = YES;
				CLANG_WARN_STRICT_PROTOTYPES = YES;
				CLANG_WARN_SUSPICIOUS_MOVE = YES;
				CLANG_WARN_UNGUARDED_AVAILABILITY = YES_AGGRESSIVE;
				CLANG_WARN_UNREACHABLE_CODE = YES;
				CLANG_WARN__DUPLICATE_METHOD_MATCH = YES;
				COPY_PHASE_STRIP = NO;
				DEBUG_INFORMATION_FORMAT = "dwarf-with-dsym";
				ENABLE_NS_ASSERTIONS = NO;
				ENABLE_STRICT_OBJC_MSGSEND = YES;
				GCC_C_LANGUAGE_STANDARD = gnu11;
				GCC_NO_COMMON_BLOCKS = YES;
				GCC_WARN_64_TO_32_BIT_CONVERSION = YES;
				GCC_WARN_ABOUT_RETURN_TYPE = YES_ERROR;
				GCC_WARN_UNDECLARED_SELECTOR = YES;
				GCC_WARN_UNINITIALIZED_AUTOS = YES_AGGRESSIVE;
				GCC_WARN_UNUSED_FUNCTION = YES;
				GCC_WARN_UNUSED_VARIABLE = YES;
				IPHONEOS_DEPLOYMENT_TARGET = 15.5;
				MTL_ENABLE_DEBUG_INFO = NO;
				MTL_FAST_MATH = YES;
				SDKROOT = iphoneos;
				SWIFT_COMPILATION_MODE = wholemodule;
				SWIFT_OPTIMIZATION_LEVEL = "-O";
				VALIDATE_PRODUCT = YES;
			};
			name = Release;
		};
		5B6BC8A1289CF150003A8C10 /* Debug */ = {
			isa = XCBuildConfiguration;
			buildSettings = {
				ASSETCATALOG_COMPILER_APPICON_NAME = AppIcon;
				ASSETCATALOG_COMPILER_GLOBAL_ACCENT_COLOR_NAME = AccentColor;
				CODE_SIGN_STYLE = Automatic;
				CURRENT_PROJECT_VERSION = 1;
				GENERATE_INFOPLIST_FILE = YES;
				INFOPLIST_FILE = RealmDemo/Info.plist;
				INFOPLIST_KEY_UIApplicationSupportsIndirectInputEvents = YES;
				INFOPLIST_KEY_UILaunchStoryboardName = LaunchScreen;
				INFOPLIST_KEY_UIMainStoryboardFile = Main;
				INFOPLIST_KEY_UISupportedInterfaceOrientations_iPad = "UIInterfaceOrientationPortrait UIInterfaceOrientationPortraitUpsideDown UIInterfaceOrientationLandscapeLeft UIInterfaceOrientationLandscapeRight";
				INFOPLIST_KEY_UISupportedInterfaceOrientations_iPhone = "UIInterfaceOrientationPortrait UIInterfaceOrientationLandscapeLeft UIInterfaceOrientationLandscapeRight";
				LD_RUNPATH_SEARCH_PATHS = (
					"$(inherited)",
					"@executable_path/Frameworks",
				);
				MARKETING_VERSION = 1.0;
				PRODUCT_BUNDLE_IDENTIFIER = geniuus.RealmDemo;
				PRODUCT_NAME = "$(TARGET_NAME)";
				SWIFT_EMIT_LOC_STRINGS = YES;
				SWIFT_VERSION = 5.0;
				TARGETED_DEVICE_FAMILY = "1,2";
			};
			name = Debug;
		};
		5B6BC8A2289CF150003A8C10 /* Release */ = {
			isa = XCBuildConfiguration;
			buildSettings = {
				ASSETCATALOG_COMPILER_APPICON_NAME = AppIcon;
				ASSETCATALOG_COMPILER_GLOBAL_ACCENT_COLOR_NAME = AccentColor;
				CODE_SIGN_STYLE = Automatic;
				CURRENT_PROJECT_VERSION = 1;
				GENERATE_INFOPLIST_FILE = YES;
				INFOPLIST_FILE = RealmDemo/Info.plist;
				INFOPLIST_KEY_UIApplicationSupportsIndirectInputEvents = YES;
				INFOPLIST_KEY_UILaunchStoryboardName = LaunchScreen;
				INFOPLIST_KEY_UIMainStoryboardFile = Main;
				INFOPLIST_KEY_UISupportedInterfaceOrientations_iPad = "UIInterfaceOrientationPortrait UIInterfaceOrientationPortraitUpsideDown UIInterfaceOrientationLandscapeLeft UIInterfaceOrientationLandscapeRight";
				INFOPLIST_KEY_UISupportedInterfaceOrientations_iPhone = "UIInterfaceOrientationPortrait UIInterfaceOrientationLandscapeLeft UIInterfaceOrientationLandscapeRight";
				LD_RUNPATH_SEARCH_PATHS = (
					"$(inherited)",
					"@executable_path/Frameworks",
				);
				MARKETING_VERSION = 1.0;
				PRODUCT_BUNDLE_IDENTIFIER = geniuus.RealmDemo;
				PRODUCT_NAME = "$(TARGET_NAME)";
				SWIFT_EMIT_LOC_STRINGS = YES;
				SWIFT_VERSION = 5.0;
				TARGETED_DEVICE_FAMILY = "1,2";
			};
			name = Release;
		};
		5B6BC8A4289CF150003A8C10 /* Debug */ = {
			isa = XCBuildConfiguration;
			buildSettings = {
				ALWAYS_EMBED_SWIFT_STANDARD_LIBRARIES = YES;
				BUNDLE_LOADER = "$(TEST_HOST)";
				CODE_SIGN_STYLE = Automatic;
				CURRENT_PROJECT_VERSION = 1;
				GENERATE_INFOPLIST_FILE = YES;
				IPHONEOS_DEPLOYMENT_TARGET = 15.5;
				MARKETING_VERSION = 1.0;
				PRODUCT_BUNDLE_IDENTIFIER = geniuus.RealmDemoTests;
				PRODUCT_NAME = "$(TARGET_NAME)";
				SWIFT_EMIT_LOC_STRINGS = NO;
				SWIFT_VERSION = 5.0;
				TARGETED_DEVICE_FAMILY = "1,2";
				TEST_HOST = "$(BUILT_PRODUCTS_DIR)/RealmDemo.app/RealmDemo";
			};
			name = Debug;
		};
		5B6BC8A5289CF150003A8C10 /* Release */ = {
			isa = XCBuildConfiguration;
			buildSettings = {
				ALWAYS_EMBED_SWIFT_STANDARD_LIBRARIES = YES;
				BUNDLE_LOADER = "$(TEST_HOST)";
				CODE_SIGN_STYLE = Automatic;
				CURRENT_PROJECT_VERSION = 1;
				GENERATE_INFOPLIST_FILE = YES;
				IPHONEOS_DEPLOYMENT_TARGET = 15.5;
				MARKETING_VERSION = 1.0;
				PRODUCT_BUNDLE_IDENTIFIER = geniuus.RealmDemoTests;
				PRODUCT_NAME = "$(TARGET_NAME)";
				SWIFT_EMIT_LOC_STRINGS = NO;
				SWIFT_VERSION = 5.0;
				TARGETED_DEVICE_FAMILY = "1,2";
				TEST_HOST = "$(BUILT_PRODUCTS_DIR)/RealmDemo.app/RealmDemo";
			};
			name = Release;
		};
		5B6BC8A7289CF150003A8C10 /* Debug */ = {
			isa = XCBuildConfiguration;
			buildSettings = {
				ALWAYS_EMBED_SWIFT_STANDARD_LIBRARIES = YES;
				CODE_SIGN_STYLE = Automatic;
				CURRENT_PROJECT_VERSION = 1;
				GENERATE_INFOPLIST_FILE = YES;
				MARKETING_VERSION = 1.0;
				PRODUCT_BUNDLE_IDENTIFIER = geniuus.RealmDemoUITests;
				PRODUCT_NAME = "$(TARGET_NAME)";
				SWIFT_EMIT_LOC_STRINGS = NO;
				SWIFT_VERSION = 5.0;
				TARGETED_DEVICE_FAMILY = "1,2";
				TEST_TARGET_NAME = RealmDemo;
			};
			name = Debug;
		};
		5B6BC8A8289CF150003A8C10 /* Release */ = {
			isa = XCBuildConfiguration;
			buildSettings = {
				ALWAYS_EMBED_SWIFT_STANDARD_LIBRARIES = YES;
				CODE_SIGN_STYLE = Automatic;
				CURRENT_PROJECT_VERSION = 1;
				GENERATE_INFOPLIST_FILE = YES;
				MARKETING_VERSION = 1.0;
				PRODUCT_BUNDLE_IDENTIFIER = geniuus.RealmDemoUITests;
				PRODUCT_NAME = "$(TARGET_NAME)";
				SWIFT_EMIT_LOC_STRINGS = NO;
				SWIFT_VERSION = 5.0;
				TARGETED_DEVICE_FAMILY = "1,2";
				TEST_TARGET_NAME = RealmDemo;
			};
			name = Release;
		};
/* End XCBuildConfiguration section */

/* Begin XCConfigurationList section */
		5B6BC871289CF14F003A8C10 /* Build configuration list for PBXProject "RealmDemo" */ = {
			isa = XCConfigurationList;
			buildConfigurations = (
				5B6BC89E289CF150003A8C10 /* Debug */,
				5B6BC89F289CF150003A8C10 /* Release */,
			);
			defaultConfigurationIsVisible = 0;
			defaultConfigurationName = Release;
		};
		5B6BC8A0289CF150003A8C10 /* Build configuration list for PBXNativeTarget "RealmDemo" */ = {
			isa = XCConfigurationList;
			buildConfigurations = (
				5B6BC8A1289CF150003A8C10 /* Debug */,
				5B6BC8A2289CF150003A8C10 /* Release */,
			);
			defaultConfigurationIsVisible = 0;
			defaultConfigurationName = Release;
		};
		5B6BC8A3289CF150003A8C10 /* Build configuration list for PBXNativeTarget "RealmDemoTests" */ = {
			isa = XCConfigurationList;
			buildConfigurations = (
				5B6BC8A4289CF150003A8C10 /* Debug */,
				5B6BC8A5289CF150003A8C10 /* Release */,
			);
			defaultConfigurationIsVisible = 0;
			defaultConfigurationName = Release;
		};
		5B6BC8A6289CF150003A8C10 /* Build configuration list for PBXNativeTarget "RealmDemoUITests" */ = {
			isa = XCConfigurationList;
			buildConfigurations = (
				5B6BC8A7289CF150003A8C10 /* Debug */,
				5B6BC8A8289CF150003A8C10 /* Release */,
			);
			defaultConfigurationIsVisible = 0;
			defaultConfigurationName = Release;
		};
/* End XCConfigurationList section */

/* Begin XCRemoteSwiftPackageReference section */
		5B6BC8A9289CF2F1003A8C10 /* XCRemoteSwiftPackageReference "realm-cocoa" */ = {
			isa = XCRemoteSwiftPackageReference;
			repositoryURL = "https://github.com/realm/realm-cocoa.git";
			requirement = {
				branch = master;
				kind = branch;
			};
		};
		5B6BC8AE289D0193003A8C10 /* XCRemoteSwiftPackageReference "FSCalendar" */ = {
			isa = XCRemoteSwiftPackageReference;
			repositoryURL = "https://github.com/WenchaoD/FSCalendar.git";
			requirement = {
				kind = exactVersion;
				version = 2.8.4;
			};
		};
/* End XCRemoteSwiftPackageReference section */

/* Begin XCSwiftPackageProductDependency section */
		5B6BC8AA289CF2F1003A8C10 /* Realm */ = {
			isa = XCSwiftPackageProductDependency;
			package = 5B6BC8A9289CF2F1003A8C10 /* XCRemoteSwiftPackageReference "realm-cocoa" */;
			productName = Realm;
		};
		5B6BC8AC289CF2F1003A8C10 /* RealmSwift */ = {
			isa = XCSwiftPackageProductDependency;
			package = 5B6BC8A9289CF2F1003A8C10 /* XCRemoteSwiftPackageReference "realm-cocoa" */;
			productName = RealmSwift;
		};
		5B6BC8AF289D0193003A8C10 /* FSCalendar */ = {
			isa = XCSwiftPackageProductDependency;
			package = 5B6BC8AE289D0193003A8C10 /* XCRemoteSwiftPackageReference "FSCalendar" */;
			productName = FSCalendar;
		};
/* End XCSwiftPackageProductDependency section */
	};
	rootObject = 5B6BC86E289CF14F003A8C10 /* Project object */;
}
